// !$*UTF8*$!
{
	archiveVersion = 1;
	classes = {
	};
	objectVersion = 46;
	objects = {

/* Begin PBXBuildFile section */
		F39D8D5A1A773A48009CB47C /* AppDelegate.swift in Sources */ = {isa = PBXBuildFile; fileRef = F39D8D591A773A48009CB47C /* AppDelegate.swift */; };
		F39D8D5C1A773A48009CB47C /* ViewController.swift in Sources */ = {isa = PBXBuildFile; fileRef = F39D8D5B1A773A48009CB47C /* ViewController.swift */; };
		F39D8D5F1A773A48009CB47C /* Main.storyboard in Resources */ = {isa = PBXBuildFile; fileRef = F39D8D5D1A773A48009CB47C /* Main.storyboard */; };
		F39D8D611A773A48009CB47C /* Images.xcassets in Resources */ = {isa = PBXBuildFile; fileRef = F39D8D601A773A48009CB47C /* Images.xcassets */; };
		F39D8D641A773A48009CB47C /* LaunchScreen.xib in Resources */ = {isa = PBXBuildFile; fileRef = F39D8D621A773A48009CB47C /* LaunchScreen.xib */; };
		F39D8D701A773A48009CB47C /* PhotoChromakeyDemoTests.swift in Sources */ = {isa = PBXBuildFile; fileRef = F39D8D6F1A773A48009CB47C /* PhotoChromakeyDemoTests.swift */; };
		F39D8D7A1A773A96009CB47C /* Extension.swift in Sources */ = {isa = PBXBuildFile; fileRef = F39D8D791A773A96009CB47C /* Extension.swift */; };
		F39D8D801A779874009CB47C /* back.png in Resources */ = {isa = PBXBuildFile; fileRef = F39D8D7F1A779874009CB47C /* back.png */; };
		F39D8D821A779877009CB47C /* ship.png in Resources */ = {isa = PBXBuildFile; fileRef = F39D8D811A779877009CB47C /* ship.png */; };
/* End PBXBuildFile section */

/* Begin PBXContainerItemProxy section */
		F39D8D6A1A773A48009CB47C /* PBXContainerItemProxy */ = {
			isa = PBXContainerItemProxy;
			containerPortal = F39D8D4C1A773A48009CB47C /* Project object */;
			proxyType = 1;
			remoteGlobalIDString = F39D8D531A773A48009CB47C;
			remoteInfo = PhotoChromakeyDemo;
		};
/* End PBXContainerItemProxy section */

/* Begin PBXFileReference section */
		F39D8D541A773A48009CB47C /* PhotoChromakeyDemo.app */ = {isa = PBXFileReference; explicitFileType = wrapper.application; includeInIndex = 0; path = PhotoChromakeyDemo.app; sourceTree = BUILT_PRODUCTS_DIR; };
		F39D8D581A773A48009CB47C /* Info.plist */ = {isa = PBXFileReference; lastKnownFileType = text.plist.xml; path = Info.plist; sourceTree = "<group>"; };
		F39D8D591A773A48009CB47C /* AppDelegate.swift */ = {isa = PBXFileReference; lastKnownFileType = sourcecode.swift; path = AppDelegate.swift; sourceTree = "<group>"; };
		F39D8D5B1A773A48009CB47C /* ViewController.swift */ = {isa = PBXFileReference; lastKnownFileType = sourcecode.swift; path = ViewController.swift; sourceTree = "<group>"; };
		F39D8D5E1A773A48009CB47C /* Base */ = {isa = PBXFileReference; lastKnownFileType = file.storyboard; name = Base; path = Base.lproj/Main.storyboard; sourceTree = "<group>"; };
		F39D8D601A773A48009CB47C /* Images.xcassets */ = {isa = PBXFileReference; lastKnownFileType = folder.assetcatalog; path = Images.xcassets; sourceTree = "<group>"; };
		F39D8D631A773A48009CB47C /* Base */ = {isa = PBXFileReference; lastKnownFileType = file.xib; name = Base; path = Base.lproj/LaunchScreen.xib; sourceTree = "<group>"; };
		F39D8D691A773A48009CB47C /* PhotoChromakeyDemoTests.xctest */ = {isa = PBXFileReference; explicitFileType = wrapper.cfbundle; includeInIndex = 0; path = PhotoChromakeyDemoTests.xctest; sourceTree = BUILT_PRODUCTS_DIR; };
		F39D8D6E1A773A48009CB47C /* Info.plist */ = {isa = PBXFileReference; lastKnownFileType = text.plist.xml; path = Info.plist; sourceTree = "<group>"; };
		F39D8D6F1A773A48009CB47C /* PhotoChromakeyDemoTests.swift */ = {isa = PBXFileReference; lastKnownFileType = sourcecode.swift; path = PhotoChromakeyDemoTests.swift; sourceTree = "<group>"; };
		F39D8D791A773A96009CB47C /* Extension.swift */ = {isa = PBXFileReference; fileEncoding = 4; lastKnownFileType = sourcecode.swift; path = Extension.swift; sourceTree = "<group>"; };
		F39D8D7F1A779874009CB47C /* back.png */ = {isa = PBXFileReference; lastKnownFileType = image.png; path = back.png; sourceTree = "<group>"; };
		F39D8D811A779877009CB47C /* ship.png */ = {isa = PBXFileReference; lastKnownFileType = image.png; path = ship.png; sourceTree = "<group>"; };
/* End PBXFileReference section */

/* Begin PBXFrameworksBuildPhase section */
		F39D8D511A773A48009CB47C /* Frameworks */ = {
			isa = PBXFrameworksBuildPhase;
			buildActionMask = 2147483647;
			files = (
			);
			runOnlyForDeploymentPostprocessing = 0;
		};
		F39D8D661A773A48009CB47C /* Frameworks */ = {
			isa = PBXFrameworksBuildPhase;
			buildActionMask = 2147483647;
			files = (
			);
			runOnlyForDeploymentPostprocessing = 0;
		};
/* End PBXFrameworksBuildPhase section */

/* Begin PBXGroup section */
		F39D8D4B1A773A48009CB47C = {
			isa = PBXGroup;
			children = (
				F39D8D561A773A48009CB47C /* PhotoChromakeyDemo */,
				F39D8D6C1A773A48009CB47C /* PhotoChromakeyDemoTests */,
				F39D8D551A773A48009CB47C /* Products */,
			);
			sourceTree = "<group>";
		};
		F39D8D551A773A48009CB47C /* Products */ = {
			isa = PBXGroup;
			children = (
				F39D8D541A773A48009CB47C /* PhotoChromakeyDemo.app */,
				F39D8D691A773A48009CB47C /* PhotoChromakeyDemoTests.xctest */,
			);
			name = Products;
			sourceTree = "<group>";
		};
		F39D8D561A773A48009CB47C /* PhotoChromakeyDemo */ = {
			isa = PBXGroup;
			children = (
				F39D8D591A773A48009CB47C /* AppDelegate.swift */,
				F39D8D5B1A773A48009CB47C /* ViewController.swift */,
				F39D8D5D1A773A48009CB47C /* Main.storyboard */,
				F39D8D601A773A48009CB47C /* Images.xcassets */,
				F39D8D811A779877009CB47C /* ship.png */,
				F39D8D621A773A48009CB47C /* LaunchScreen.xib */,
				F39D8D7F1A779874009CB47C /* back.png */,
				F39D8D571A773A48009CB47C /* Supporting Files */,
				F39D8D791A773A96009CB47C /* Extension.swift */,
			);
			path = PhotoChromakeyDemo;
			sourceTree = "<group>";
		};
		F39D8D571A773A48009CB47C /* Supporting Files */ = {
			isa = PBXGroup;
			children = (
				F39D8D581A773A48009CB47C /* Info.plist */,
			);
			name = "Supporting Files";
			sourceTree = "<group>";
		};
		F39D8D6C1A773A48009CB47C /* PhotoChromakeyDemoTests */ = {
			isa = PBXGroup;
			children = (
				F39D8D6F1A773A48009CB47C /* PhotoChromakeyDemoTests.swift */,
				F39D8D6D1A773A48009CB47C /* Supporting Files */,
			);
			path = PhotoChromakeyDemoTests;
			sourceTree = "<group>";
		};
		F39D8D6D1A773A48009CB47C /* Supporting Files */ = {
			isa = PBXGroup;
			children = (
				F39D8D6E1A773A48009CB47C /* Info.plist */,
			);
			name = "Supporting Files";
			sourceTree = "<group>";
		};
/* End PBXGroup section */

/* Begin PBXNativeTarget section */
		F39D8D531A773A48009CB47C /* PhotoChromakeyDemo */ = {
			isa = PBXNativeTarget;
			buildConfigurationList = F39D8D731A773A48009CB47C /* Build configuration list for PBXNativeTarget "PhotoChromakeyDemo" */;
			buildPhases = (
				F39D8D501A773A48009CB47C /* Sources */,
				F39D8D511A773A48009CB47C /* Frameworks */,
				F39D8D521A773A48009CB47C /* Resources */,
			);
			buildRules = (
			);
			dependencies = (
			);
			name = PhotoChromakeyDemo;
			productName = PhotoChromakeyDemo;
			productReference = F39D8D541A773A48009CB47C /* PhotoChromakeyDemo.app */;
			productType = "com.apple.product-type.application";
		};
		F39D8D681A773A48009CB47C /* PhotoChromakeyDemoTests */ = {
			isa = PBXNativeTarget;
			buildConfigurationList = F39D8D761A773A48009CB47C /* Build configuration list for PBXNativeTarget "PhotoChromakeyDemoTests" */;
			buildPhases = (
				F39D8D651A773A48009CB47C /* Sources */,
				F39D8D661A773A48009CB47C /* Frameworks */,
				F39D8D671A773A48009CB47C /* Resources */,
			);
			buildRules = (
			);
			dependencies = (
				F39D8D6B1A773A48009CB47C /* PBXTargetDependency */,
			);
			name = PhotoChromakeyDemoTests;
			productName = PhotoChromakeyDemoTests;
			productReference = F39D8D691A773A48009CB47C /* PhotoChromakeyDemoTests.xctest */;
			productType = "com.apple.product-type.bundle.unit-test";
		};
/* End PBXNativeTarget section */

/* Begin PBXProject section */
		F39D8D4C1A773A48009CB47C /* Project object */ = {
			isa = PBXProject;
			attributes = {
				LastUpgradeCheck = 0610;
				ORGANIZATIONNAME = "Fumitoshi Ogata";
				TargetAttributes = {
					F39D8D531A773A48009CB47C = {
						CreatedOnToolsVersion = 6.1.1;
					};
					F39D8D681A773A48009CB47C = {
						CreatedOnToolsVersion = 6.1.1;
						TestTargetID = F39D8D531A773A48009CB47C;
					};
				};
			};
			buildConfigurationList = F39D8D4F1A773A48009CB47C /* Build configuration list for PBXProject "PhotoChromakeyDemo" */;
			compatibilityVersion = "Xcode 3.2";
			developmentRegion = English;
			hasScannedForEncodings = 0;
			knownRegions = (
				en,
				Base,
			);
			mainGroup = F39D8D4B1A773A48009CB47C;
			productRefGroup = F39D8D551A773A48009CB47C /* Products */;
			projectDirPath = "";
			projectRoot = "";
			targets = (
				F39D8D531A773A48009CB47C /* PhotoChromakeyDemo */,
				F39D8D681A773A48009CB47C /* PhotoChromakeyDemoTests */,
			);
		};
/* End PBXProject section */

/* Begin PBXResourcesBuildPhase section */
		F39D8D521A773A48009CB47C /* Resources */ = {
			isa = PBXResourcesBuildPhase;
			buildActionMask = 2147483647;
			files = (
				F39D8D5F1A773A48009CB47C /* Main.storyboard in Resources */,
				F39D8D801A779874009CB47C /* back.png in Resources */,
				F39D8D641A773A48009CB47C /* LaunchScreen.xib in Resources */,
				F39D8D611A773A48009CB47C /* Images.xcassets in Resources */,
				F39D8D821A779877009CB47C /* ship.png in Resources */,
			);
			runOnlyForDeploymentPostprocessing = 0;
		};
		F39D8D671A773A48009CB47C /* Resources */ = {
			isa = PBXResourcesBuildPhase;
			buildActionMask = 2147483647;
			files = (
			);
			runOnlyForDeploymentPostprocessing = 0;
		};
/* End PBXResourcesBuildPhase section */

/* Begin PBXSourcesBuildPhase section */
		F39D8D501A773A48009CB47C /* Sources */ = {
			isa = PBXSourcesBuildPhase;
			buildActionMask = 2147483647;
			files = (
				F39D8D7A1A773A96009CB47C /* Extension.swift in Sources */,
				F39D8D5C1A773A48009CB47C /* ViewController.swift in Sources */,
				F39D8D5A1A773A48009CB47C /* AppDelegate.swift in Sources */,
			);
			runOnlyForDeploymentPostprocessing = 0;
		};
		F39D8D651A773A48009CB47C /* Sources */ = {
			isa = PBXSourcesBuildPhase;
			buildActionMask = 2147483647;
			files = (
				F39D8D701A773A48009CB47C /* PhotoChromakeyDemoTests.swift in Sources */,
			);
			runOnlyForDeploymentPostprocessing = 0;
		};
/* End PBXSourcesBuildPhase section */

/* Begin PBXTargetDependency section */
		F39D8D6B1A773A48009CB47C /* PBXTargetDependency */ = {
			isa = PBXTargetDependency;
			target = F39D8D531A773A48009CB47C /* PhotoChromakeyDemo */;
			targetProxy = F39D8D6A1A773A48009CB47C /* PBXContainerItemProxy */;
		};
/* End PBXTargetDependency section */

/* Begin PBXVariantGroup section */
		F39D8D5D1A773A48009CB47C /* Main.storyboard */ = {
			isa = PBXVariantGroup;
			children = (
				F39D8D5E1A773A48009CB47C /* Base */,
			);
			name = Main.storyboard;
			sourceTree = "<group>";
		};
		F39D8D621A773A48009CB47C /* LaunchScreen.xib */ = {
			isa = PBXVariantGroup;
			children = (
				F39D8D631A773A48009CB47C /* Base */,
			);
			name = LaunchScreen.xib;
			sourceTree = "<group>";
		};
/* End PBXVariantGroup section */

/* Begin XCBuildConfiguration section */
		F39D8D711A773A48009CB47C /* Debug */ = {
			isa = XCBuildConfiguration;
			buildSettings = {
				ALWAYS_SEARCH_USER_PATHS = NO;
				CLANG_CXX_LANGUAGE_STANDARD = "gnu++0x";
				CLANG_CXX_LIBRARY = "libc++";
				CLANG_ENABLE_MODULES = YES;
				CLANG_ENABLE_OBJC_ARC = YES;
				CLANG_WARN_BOOL_CONVERSION = YES;
				CLANG_WARN_CONSTANT_CONVERSION = YES;
				CLANG_WARN_DIRECT_OBJC_ISA_USAGE = YES_ERROR;
				CLANG_WARN_EMPTY_BODY = YES;
				CLANG_WARN_ENUM_CONVERSION = YES;
				CLANG_WARN_INT_CONVERSION = YES;
				CLANG_WARN_OBJC_ROOT_CLASS = YES_ERROR;
				CLANG_WARN_UNREACHABLE_CODE = YES;
				CLANG_WARN__DUPLICATE_METHOD_MATCH = YES;
				"CODE_SIGN_IDENTITY[sdk=iphoneos*]" = "iPhone Developer";
				COPY_PHASE_STRIP = NO;
				ENABLE_STRICT_OBJC_MSGSEND = YES;
				GCC_C_LANGUAGE_STANDARD = gnu99;
				GCC_DYNAMIC_NO_PIC = NO;
				GCC_OPTIMIZATION_LEVEL = 0;
				GCC_PREPROCESSOR_DEFINITIONS = (
					"DEBUG=1",
					"$(inherited)",
				);
				GCC_SYMBOLS_PRIVATE_EXTERN = NO;
				GCC_WARN_64_TO_32_BIT_CONVERSION = YES;
				GCC_WARN_ABOUT_RETURN_TYPE = YES_ERROR;
				GCC_WARN_UNDECLARED_SELECTOR = YES;
				GCC_WARN_UNINITIALIZED_AUTOS = YES_AGGRESSIVE;
				GCC_WARN_UNUSED_FUNCTION = YES;
				GCC_WARN_UNUSED_VARIABLE = YES;
				IPHONEOS_DEPLOYMENT_TARGET = 8.1;
				MTL_ENABLE_DEBUG_INFO = YES;
				ONLY_ACTIVE_ARCH = YES;
				SDKROOT = iphoneos;
				SWIFT_OPTIMIZATION_LEVEL = "-Onone";
			};
			name = Debug;
		};
		F39D8D721A773A48009CB47C /* Release */ = {
			isa = XCBuildConfiguration;
			buildSettings = {
				ALWAYS_SEARCH_USER_PATHS = NO;
				CLANG_CXX_LANGUAGE_STANDARD = "gnu++0x";
				CLANG_CXX_LIBRARY = "libc++";
				CLANG_ENABLE_MODULES = YES;
				CLANG_ENABLE_OBJC_ARC = YES;
				CLANG_WARN_BOOL_CONVERSION = YES;
				CLANG_WARN_CONSTANT_CONVERSION = YES;
				CLANG_WARN_DIRECT_OBJC_ISA_USAGE = YES_ERROR;
				CLANG_WARN_EMPTY_BODY = YES;
				CLANG_WARN_ENUM_CONVERSION = YES;
				CLANG_WARN_INT_CONVERSION = YES;
				CLANG_WARN_OBJC_ROOT_CLASS = YES_ERROR;
				CLANG_WARN_UNREACHABLE_CODE = YES;
				CLANG_WARN__DUPLICATE_METHOD_MATCH = YES;
				"CODE_SIGN_IDENTITY[sdk=iphoneos*]" = "iPhone Developer";
				COPY_PHASE_STRIP = YES;
				ENABLE_NS_ASSERTIONS = NO;
				ENABLE_STRICT_OBJC_MSGSEND = YES;
				GCC_C_LANGUAGE_STANDARD = gnu99;
				GCC_WARN_64_TO_32_BIT_CONVERSION = YES;
				GCC_WARN_ABOUT_RETURN_TYPE = YES_ERROR;
				GCC_WARN_UNDECLARED_SELECTOR = YES;
				GCC_WARN_UNINITIALIZED_AUTOS = YES_AGGRESSIVE;
				GCC_WARN_UNUSED_FUNCTION = YES;
				GCC_WARN_UNUSED_VARIABLE = YES;
				IPHONEOS_DEPLOYMENT_TARGET = 8.1;
				MTL_ENABLE_DEBUG_INFO = NO;
				SDKROOT = iphoneos;
				VALIDATE_PRODUCT = YES;
			};
			name = Release;
		};
		F39D8D741A773A48009CB47C /* Debug */ = {
			isa = XCBuildConfiguration;
			buildSettings = {
				ASSETCATALOG_COMPILER_APPICON_NAME = AppIcon;
				INFOPLIST_FILE = PhotoChromakeyDemo/Info.plist;
				LD_RUNPATH_SEARCH_PATHS = "$(inherited) @executable_path/Frameworks";
				PRODUCT_NAME = "$(TARGET_NAME)";
			};
			name = Debug;
		};
		F39D8D751A773A48009CB47C /* Release */ = {
			isa = XCBuildConfiguration;
			buildSettings = {
				ASSETCATALOG_COMPILER_APPICON_NAME = AppIcon;
				INFOPLIST_FILE = PhotoChromakeyDemo/Info.plist;
				LD_RUNPATH_SEARCH_PATHS = "$(inherited) @executable_path/Frameworks";
				PRODUCT_NAME = "$(TARGET_NAME)";
			};
			name = Release;
		};
		F39D8D771A773A48009CB47C /* Debug */ = {
			isa = XCBuildConfiguration;
			buildSettings = {
				BUNDLE_LOADER = "$(TEST_HOST)";
				FRAMEWORK_SEARCH_PATHS = (
					"$(SDKROOT)/Developer/Library/Frameworks",
					"$(inherited)",
				);
				GCC_PREPROCESSOR_DEFINITIONS = (
					"DEBUG=1",
					"$(inherited)",
				);
				INFOPLIST_FILE = PhotoChromakeyDemoTests/Info.plist;
				LD_RUNPATH_SEARCH_PATHS = "$(inherited) @executable_path/Frameworks @loader_path/Frameworks";
				PRODUCT_NAME = "$(TARGET_NAME)";
				TEST_HOST = "$(BUILT_PRODUCTS_DIR)/PhotoChromakeyDemo.app/PhotoChromakeyDemo";
			};
			name = Debug;
		};
		F39D8D781A773A48009CB47C /* Release */ = {
			isa = XCBuildConfiguration;
			buildSettings = {
				BUNDLE_LOADER = "$(TEST_HOST)";
				FRAMEWORK_SEARCH_PATHS = (
					"$(SDKROOT)/Developer/Library/Frameworks",
					"$(inherited)",
				);
				INFOPLIST_FILE = PhotoChromakeyDemoTests/Info.plist;
				LD_RUNPATH_SEARCH_PATHS = "$(inherited) @executable_path/Frameworks @loader_path/Frameworks";
				PRODUCT_NAME = "$(TARGET_NAME)";
				TEST_HOST = "$(BUILT_PRODUCTS_DIR)/PhotoChromakeyDemo.app/PhotoChromakeyDemo";
			};
			name = Release;
		};
/* End XCBuildConfiguration section */

/* Begin XCConfigurationList section */
		F39D8D4F1A773A48009CB47C /* Build configuration list for PBXProject "PhotoChromakeyDemo" */ = {
			isa = XCConfigurationList;
			buildConfigurations = (
				F39D8D711A773A48009CB47C /* Debug */,
				F39D8D721A773A48009CB47C /* Release */,
			);
			defaultConfigurationIsVisible = 0;
			defaultConfigurationName = Release;
		};
		F39D8D731A773A48009CB47C /* Build configuration list for PBXNativeTarget "PhotoChromakeyDemo" */ = {
			isa = XCConfigurationList;
			buildConfigurations = (
				F39D8D741A773A48009CB47C /* Debug */,
				F39D8D751A773A48009CB47C /* Release */,
			);
			defaultConfigurationIsVisible = 0;
			defaultConfigurationName = Release;
		};
		F39D8D761A773A48009CB47C /* Build configuration list for PBXNativeTarget "PhotoChromakeyDemoTests" */ = {
			isa = XCConfigurationList;
			buildConfigurations = (
				F39D8D771A773A48009CB47C /* Debug */,
				F39D8D781A773A48009CB47C /* Release */,
			);
			defaultConfigurationIsVisible = 0;
			defaultConfigurationName = Release;
		};
/* End XCConfigurationList section */
	};
	rootObject = F39D8D4C1A773A48009CB47C /* Project object */;
}
